
Microsoft Visual Studio Solution File, Format Version 12.00
# Visual Studio Version 17
VisualStudioVersion = 17.7.34024.191
MinimumVisualStudioVersion = 10.0.40219.1
Project("{FAE04EC0-301F-11D3-BF4B-00C04F79EFBC}") = "BlogWeb", "BlogWeb\BlogWeb.csproj", "{A375289B-E663-4AD1-908C-FF87FC33CE47}"
EndProject
Global
	GlobalSection(SolutionConfigurationPlatforms) = preSolution
		Debug|Any CPU = Debug|Any CPU
		Release|Any CPU = Release|Any CPU
	EndGlobalSection
	GlobalSection(ProjectConfigurationPlatforms) = postSolution
		{A375289B-E663-4AD1-908C-FF87FC33CE47}.Debug|Any CPU.ActiveCfg = Debug|Any CPU
		{A375289B-E663-4AD1-908C-FF87FC33CE47}.Debug|Any CPU.Build.0 = Debug|Any CPU
		{A375289B-E663-4AD1-908C-FF87FC33CE47}.Release|Any CPU.ActiveCfg = Release|Any CPU
		{A375289B-E663-4AD1-908C-FF87FC33CE47}.Release|Any CPU.Build.0 = Release|Any CPU
	EndGlobalSection
	GlobalSection(SolutionProperties) = preSolution
		HideSolutionNode = FALSE
	EndGlobalSection
	GlobalSection(ExtensibilityGlobals) = postSolution
		SolutionGuid = {BD0F81A5-EF6F-4563-B2F7-C00A38317E14}
	EndGlobalSection
EndGlobal
